# This file is automatically @generated by Cargo.
# It is not intended for manual editing.
version = 4

[[package]]
name = "kt-client"
version = "0.0.0"
dependencies = [
 "kt-crypto",
 "kt-tree",
 "kt-wire",
]

[[package]]
name = "kt-crypto"
version = "0.0.0"
dependencies = [
 "kt-wire",
]

[[package]]
name = "kt-tree"
version = "0.0.0"
dependencies = [
 "kt-crypto",
 "kt-wire",
]

[[package]]
name = "kt-wire"
version = "0.0.0"
